// !$*UTF8*$!
{
	archiveVersion = 1;
	classes = {
	};
	objectVersion = 56;
	objects = {

/* Begin PBXBuildFile section */
		61627FE52A0D1F7800383683 /* testing.swift in Sources */ = {isa = PBXBuildFile; fileRef = 61627FE42A0D1F7800383683 /* testing.swift */; };
		618A19352A020697009B4BD0 /* BudgeterApp.swift in Sources */ = {isa = PBXBuildFile; fileRef = 618A19342A020697009B4BD0 /* BudgeterApp.swift */; };
		618A19372A020697009B4BD0 /* ContentView.swift in Sources */ = {isa = PBXBuildFile; fileRef = 618A19362A020697009B4BD0 /* ContentView.swift */; };
		618A19392A020697009B4BD0 /* Assets.xcassets in Resources */ = {isa = PBXBuildFile; fileRef = 618A19382A020697009B4BD0 /* Assets.xcassets */; };
		618A193C2A020697009B4BD0 /* Preview Assets.xcassets in Resources */ = {isa = PBXBuildFile; fileRef = 618A193B2A020697009B4BD0 /* Preview Assets.xcassets */; };
		618A19432A020781009B4BD0 /* SetUp.swift in Sources */ = {isa = PBXBuildFile; fileRef = 618A19422A020781009B4BD0 /* SetUp.swift */; };
		618A19452A0208C3009B4BD0 /* MyData.swift in Sources */ = {isa = PBXBuildFile; fileRef = 618A19442A0208C3009B4BD0 /* MyData.swift */; };
		61C66F792A035A6100DD8452 /* DetailsView.swift in Sources */ = {isa = PBXBuildFile; fileRef = 61C66F782A035A6100DD8452 /* DetailsView.swift */; };
		61C66F7D2A037DDF00DD8452 /* PrioritizeView.swift in Sources */ = {isa = PBXBuildFile; fileRef = 61C66F7C2A037DDF00DD8452 /* PrioritizeView.swift */; };
		61F98F692A127C5200D75286 /* Group.png in Resources */ = {isa = PBXBuildFile; fileRef = 61F98F682A127C5200D75286 /* Group.png */; };
		61F98F6D2A12826600D75286 /* Tranner.png in Resources */ = {isa = PBXBuildFile; fileRef = 61F98F6C2A12826600D75286 /* Tranner.png */; };
/* End PBXBuildFile section */

/* Begin PBXFileReference section */
		61627FE42A0D1F7800383683 /* testing.swift */ = {isa = PBXFileReference; lastKnownFileType = sourcecode.swift; path = testing.swift; sourceTree = "<group>"; };
		618A19312A020697009B4BD0 /* Budgeter.app */ = {isa = PBXFileReference; explicitFileType = wrapper.application; includeInIndex = 0; path = Budgeter.app; sourceTree = BUILT_PRODUCTS_DIR; };
		618A19342A020697009B4BD0 /* BudgeterApp.swift */ = {isa = PBXFileReference; lastKnownFileType = sourcecode.swift; path = BudgeterApp.swift; sourceTree = "<group>"; };
		618A19362A020697009B4BD0 /* ContentView.swift */ = {isa = PBXFileReference; lastKnownFileType = sourcecode.swift; path = ContentView.swift; sourceTree = "<group>"; };
		618A19382A020697009B4BD0 /* Assets.xcassets */ = {isa = PBXFileReference; lastKnownFileType = folder.assetcatalog; path = Assets.xcassets; sourceTree = "<group>"; };
		618A193B2A020697009B4BD0 /* Preview Assets.xcassets */ = {isa = PBXFileReference; lastKnownFileType = folder.assetcatalog; path = "Preview Assets.xcassets"; sourceTree = "<group>"; };
		618A19422A020781009B4BD0 /* SetUp.swift */ = {isa = PBXFileReference; lastKnownFileType = sourcecode.swift; path = SetUp.swift; sourceTree = "<group>"; };
		618A19442A0208C3009B4BD0 /* MyData.swift */ = {isa = PBXFileReference; lastKnownFileType = sourcecode.swift; path = MyData.swift; sourceTree = "<group>"; };
		61C66F782A035A6100DD8452 /* DetailsView.swift */ = {isa = PBXFileReference; lastKnownFileType = sourcecode.swift; path = DetailsView.swift; sourceTree = "<group>"; };
		61C66F7C2A037DDF00DD8452 /* PrioritizeView.swift */ = {isa = PBXFileReference; lastKnownFileType = sourcecode.swift; path = PrioritizeView.swift; sourceTree = "<group>"; };
		61F98F682A127C5200D75286 /* Group.png */ = {isa = PBXFileReference; lastKnownFileType = image.png; name = Group.png; path = "../../../../Library/Mobile Documents/WUGMZZ5K46~com~bohemiancoding~sketch/Documents/Group.png"; sourceTree = "<group>"; };
		61F98F6C2A12826600D75286 /* Tranner.png */ = {isa = PBXFileReference; lastKnownFileType = image.png; name = Tranner.png; path = ../../../Downloads/Tranner.png; sourceTree = "<group>"; };
/* End PBXFileReference section */

/* Begin PBXFrameworksBuildPhase section */
		618A192E2A020697009B4BD0 /* Frameworks */ = {
			isa = PBXFrameworksBuildPhase;
			buildActionMask = 2147483647;
			files = (
			);
			runOnlyForDeploymentPostprocessing = 0;
		};
/* End PBXFrameworksBuildPhase section */

/* Begin PBXGroup section */
		618A19282A020697009B4BD0 = {
			isa = PBXGroup;
			children = (
				618A19332A020697009B4BD0 /* Budgeter */,
				618A19322A020697009B4BD0 /* Products */,
			);
			sourceTree = "<group>";
		};
		618A19322A020697009B4BD0 /* Products */ = {
			isa = PBXGroup;
			children = (
				618A19312A020697009B4BD0 /* Budgeter.app */,
			);
			name = Products;
			sourceTree = "<group>";
		};
		618A19332A020697009B4BD0 /* Budgeter */ = {
			isa = PBXGroup;
			children = (
				618A19442A0208C3009B4BD0 /* MyData.swift */,
				618A19422A020781009B4BD0 /* SetUp.swift */,
				618A19342A020697009B4BD0 /* BudgeterApp.swift */,
				618A19362A020697009B4BD0 /* ContentView.swift */,
				61C66F782A035A6100DD8452 /* DetailsView.swift */,
				61C66F7C2A037DDF00DD8452 /* PrioritizeView.swift */,
				61627FE42A0D1F7800383683 /* testing.swift */,
				618A19382A020697009B4BD0 /* Assets.xcassets */,
				61F98F6C2A12826600D75286 /* Tranner.png */,
				618A193A2A020697009B4BD0 /* Preview Content */,
			);
			path = Budgeter;
			sourceTree = "<group>";
		};
		618A193A2A020697009B4BD0 /* Preview Content */ = {
			isa = PBXGroup;
			children = (
				61F98F682A127C5200D75286 /* Group.png */,
				618A193B2A020697009B4BD0 /* Preview Assets.xcassets */,
			);
			path = "Preview Content";
			sourceTree = "<group>";
		};
/* End PBXGroup section */

/* Begin PBXNativeTarget section */
		618A19302A020697009B4BD0 /* Budgeter */ = {
			isa = PBXNativeTarget;
			buildConfigurationList = 618A193F2A020697009B4BD0 /* Build configuration list for PBXNativeTarget "Budgeter" */;
			buildPhases = (
				618A192D2A020697009B4BD0 /* Sources */,
				618A192E2A020697009B4BD0 /* Frameworks */,
				618A192F2A020697009B4BD0 /* Resources */,
			);
			buildRules = (
			);
			dependencies = (
			);
			name = Budgeter;
			productName = Budgeter;
			productReference = 618A19312A020697009B4BD0 /* Budgeter.app */;
			productType = "com.apple.product-type.application";
		};
/* End PBXNativeTarget section */

/* Begin PBXProject section */
		618A19292A020697009B4BD0 /* Project object */ = {
			isa = PBXProject;
			attributes = {
				BuildIndependentTargetsInParallel = 1;
				LastSwiftUpdateCheck = 1420;
				LastUpgradeCheck = 1420;
				TargetAttributes = {
					618A19302A020697009B4BD0 = {
						CreatedOnToolsVersion = 14.2;
					};
				};
			};
			buildConfigurationList = 618A192C2A020697009B4BD0 /* Build configuration list for PBXProject "Budgeter" */;
			compatibilityVersion = "Xcode 14.0";
			developmentRegion = en;
			hasScannedForEncodings = 0;
			knownRegions = (
				en,
				Base,
			);
			mainGroup = 618A19282A020697009B4BD0;
			productRefGroup = 618A19322A020697009B4BD0 /* Products */;
			projectDirPath = "";
			projectRoot = "";
			targets = (
				618A19302A020697009B4BD0 /* Budgeter */,
			);
		};
/* End PBXProject section */

/* Begin PBXResourcesBuildPhase section */
		618A192F2A020697009B4BD0 /* Resources */ = {
			isa = PBXResourcesBuildPhase;
			buildActionMask = 2147483647;
			files = (
				618A193C2A020697009B4BD0 /* Preview Assets.xcassets in Resources */,
				61F98F6D2A12826600D75286 /* Tranner.png in Resources */,
				61F98F692A127C5200D75286 /* Group.png in Resources */,
				618A19392A020697009B4BD0 /* Assets.xcassets in Resources */,
			);
			runOnlyForDeploymentPostprocessing = 0;
		};
/* End PBXResourcesBuildPhase section */

/* Begin PBXSourcesBuildPhase section */
		618A192D2A020697009B4BD0 /* Sources */ = {
			isa = PBXSourcesBuildPhase;
			buildActionMask = 2147483647;
			files = (
				618A19372A020697009B4BD0 /* ContentView.swift in Sources */,
				618A19352A020697009B4BD0 /* BudgeterApp.swift in Sources */,
				61627FE52A0D1F7800383683 /* testing.swift in Sources */,
				61C66F7D2A037DDF00DD8452 /* PrioritizeView.swift in Sources */,
				618A19432A020781009B4BD0 /* SetUp.swift in Sources */,
				618A19452A0208C3009B4BD0 /* MyData.swift in Sources */,
				61C66F792A035A6100DD8452 /* DetailsView.swift in Sources */,
			);
			runOnlyForDeploymentPostprocessing = 0;
		};
/* End PBXSourcesBuildPhase section */

/* Begin XCBuildConfiguration section */
		618A193D2A020697009B4BD0 /* Debug */ = {
			isa = XCBuildConfiguration;
			buildSettings = {
				ALWAYS_SEARCH_USER_PATHS = NO;
				CLANG_ANALYZER_NONNULL = YES;
				CLANG_ANALYZER_NUMBER_OBJECT_CONVERSION = YES_AGGRESSIVE;
				CLANG_CXX_LANGUAGE_STANDARD = "gnu++20";
				CLANG_ENABLE_MODULES = YES;
				CLANG_ENABLE_OBJC_ARC = YES;
				CLANG_ENABLE_OBJC_WEAK = YES;
				CLANG_WARN_BLOCK_CAPTURE_AUTORELEASING = YES;
				CLANG_WARN_BOOL_CONVERSION = YES;
				CLANG_WARN_COMMA = YES;
				CLANG_WARN_CONSTANT_CONVERSION = YES;
				CLANG_WARN_DEPRECATED_OBJC_IMPLEMENTATIONS = YES;
				CLANG_WARN_DIRECT_OBJC_ISA_USAGE = YES_ERROR;
				CLANG_WARN_DOCUMENTATION_COMMENTS = YES;
				CLANG_WARN_EMPTY_BODY = YES;
				CLANG_WARN_ENUM_CONVERSION = YES;
				CLANG_WARN_INFINITE_RECURSION = YES;
				CLANG_WARN_INT_CONVERSION = YES;
				CLANG_WARN_NON_LITERAL_NULL_CONVERSION = YES;
				CLANG_WARN_OBJC_IMPLICIT_RETAIN_SELF = YES;
				CLANG_WARN_OBJC_LITERAL_CONVERSION = YES;
				CLANG_WARN_OBJC_ROOT_CLASS = YES_ERROR;
				CLANG_WARN_QUOTED_INCLUDE_IN_FRAMEWORK_HEADER = YES;
				CLANG_WARN_RANGE_LOOP_ANALYSIS = YES;
				CLANG_WARN_STRICT_PROTOTYPES = YES;
				CLANG_WARN_SUSPICIOUS_MOVE = YES;
				CLANG_WARN_UNGUARDED_AVAILABILITY = YES_AGGRESSIVE;
				CLANG_WARN_UNREACHABLE_CODE = YES;
				CLANG_WARN__DUPLICATE_METHOD_MATCH = YES;
				COPY_PHASE_STRIP = NO;
				DEBUG_INFORMATION_FORMAT = dwarf;
				ENABLE_STRICT_OBJC_MSGSEND = YES;
				ENABLE_TESTABILITY = YES;
				GCC_C_LANGUAGE_STANDARD = gnu11;
				GCC_DYNAMIC_NO_PIC = NO;
				GCC_NO_COMMON_BLOCKS = YES;
				GCC_OPTIMIZATION_LEVEL = 0;
				GCC_PREPROCESSOR_DEFINITIONS = (
					"DEBUG=1",
					"$(inherited)",
				);
				GCC_WARN_64_TO_32_BIT_CONVERSION = YES;
				GCC_WARN_ABOUT_RETURN_TYPE = YES_ERROR;
				GCC_WARN_UNDECLARED_SELECTOR = YES;
				GCC_WARN_UNINITIALIZED_AUTOS = YES_AGGRESSIVE;
				GCC_WARN_UNUSED_FUNCTION = YES;
				GCC_WARN_UNUSED_VARIABLE = YES;
				IPHONEOS_DEPLOYMENT_TARGET = 16.2;
				MTL_ENABLE_DEBUG_INFO = INCLUDE_SOURCE;
				MTL_FAST_MATH = YES;
				ONLY_ACTIVE_ARCH = YES;
				SDKROOT = iphoneos;
				SWIFT_ACTIVE_COMPILATION_CONDITIONS = DEBUG;
				SWIFT_OPTIMIZATION_LEVEL = "-Onone";
			};
			name = Debug;
		};
		618A193E2A020697009B4BD0 /* Release */ = {
			isa = XCBuildConfiguration;
			buildSettings = {
				ALWAYS_SEARCH_USER_PATHS = NO;
				CLANG_ANALYZER_NONNULL = YES;
				CLANG_ANALYZER_NUMBER_OBJECT_CONVERSION = YES_AGGRESSIVE;
				CLANG_CXX_LANGUAGE_STANDARD = "gnu++20";
				CLANG_ENABLE_MODULES = YES;
				CLANG_ENABLE_OBJC_ARC = YES;
				CLANG_ENABLE_OBJC_WEAK = YES;
				CLANG_WARN_BLOCK_CAPTURE_AUTORELEASING = YES;
				CLANG_WARN_BOOL_CONVERSION = YES;
				CLANG_WARN_COMMA = YES;
				CLANG_WARN_CONSTANT_CONVERSION = YES;
				CLANG_WARN_DEPRECATED_OBJC_IMPLEMENTATIONS = YES;
				CLANG_WARN_DIRECT_OBJC_ISA_USAGE = YES_ERROR;
				CLANG_WARN_DOCUMENTATION_COMMENTS = YES;
				CLANG_WARN_EMPTY_BODY = YES;
				CLANG_WARN_ENUM_CONVERSION = YES;
				CLANG_WARN_INFINITE_RECURSION = YES;
				CLANG_WARN_INT_CONVERSION = YES;
				CLANG_WARN_NON_LITERAL_NULL_CONVERSION = YES;
				CLANG_WARN_OBJC_IMPLICIT_RETAIN_SELF = YES;
				CLANG_WARN_OBJC_LITERAL_CONVERSION = YES;
				CLANG_WARN_OBJC_ROOT_CLASS = YES_ERROR;
				CLANG_WARN_QUOTED_INCLUDE_IN_FRAMEWORK_HEADER = YES;
				CLANG_WARN_RANGE_LOOP_ANALYSIS = YES;
				CLANG_WARN_STRICT_PROTOTYPES = YES;
				CLANG_WARN_SUSPICIOUS_MOVE = YES;
				CLANG_WARN_UNGUARDED_AVAILABILITY = YES_AGGRESSIVE;
				CLANG_WARN_UNREACHABLE_CODE = YES;
				CLANG_WARN__DUPLICATE_METHOD_MATCH = YES;
				COPY_PHASE_STRIP = NO;
				DEBUG_INFORMATION_FORMAT = "dwarf-with-dsym";
				ENABLE_NS_ASSERTIONS = NO;
				ENABLE_STRICT_OBJC_MSGSEND = YES;
				GCC_C_LANGUAGE_STANDARD = gnu11;
				GCC_NO_COMMON_BLOCKS = YES;
				GCC_WARN_64_TO_32_BIT_CONVERSION = YES;
				GCC_WARN_ABOUT_RETURN_TYPE = YES_ERROR;
				GCC_WARN_UNDECLARED_SELECTOR = YES;
				GCC_WARN_UNINITIALIZED_AUTOS = YES_AGGRESSIVE;
				GCC_WARN_UNUSED_FUNCTION = YES;
				GCC_WARN_UNUSED_VARIABLE = YES;
				IPHONEOS_DEPLOYMENT_TARGET = 16.2;
				MTL_ENABLE_DEBUG_INFO = NO;
				MTL_FAST_MATH = YES;
				SDKROOT = iphoneos;
				SWIFT_COMPILATION_MODE = wholemodule;
				SWIFT_OPTIMIZATION_LEVEL = "-O";
				VALIDATE_PRODUCT = YES;
			};
			name = Release;
		};
		618A19402A020697009B4BD0 /* Debug */ = {
			isa = XCBuildConfiguration;
			buildSettings = {
				ASSETCATALOG_COMPILER_APPICON_NAME = AppIcon;
				ASSETCATALOG_COMPILER_GLOBAL_ACCENT_COLOR_NAME = AccentColor;
				CODE_SIGN_STYLE = Automatic;
				CURRENT_PROJECT_VERSION = 1;
				DEVELOPMENT_ASSET_PATHS = "\"Budgeter/Preview Content\"";
				DEVELOPMENT_TEAM = 3Q7J3887JY;
				ENABLE_PREVIEWS = YES;
				GENERATE_INFOPLIST_FILE = YES;
				INFOPLIST_KEY_UIApplicationSceneManifest_Generation = YES;
				INFOPLIST_KEY_UIApplicationSupportsIndirectInputEvents = YES;
				INFOPLIST_KEY_UILaunchScreen_Generation = YES;
				INFOPLIST_KEY_UISupportedInterfaceOrientations_iPad = "UIInterfaceOrientationPortrait UIInterfaceOrientationPortraitUpsideDown UIInterfaceOrientationLandscapeLeft UIInterfaceOrientationLandscapeRight";
				INFOPLIST_KEY_UISupportedInterfaceOrientations_iPhone = "UIInterfaceOrientationPortrait UIInterfaceOrientationLandscapeLeft UIInterfaceOrientationLandscapeRight";
				LD_RUNPATH_SEARCH_PATHS = (
					"$(inherited)",
					"@executable_path/Frameworks",
				);
				MARKETING_VERSION = 1.0;
				PRODUCT_BUNDLE_IDENTIFIER = com.ada.Budgeter;
				PRODUCT_NAME = "$(TARGET_NAME)";
				SWIFT_EMIT_LOC_STRINGS = YES;
				SWIFT_VERSION = 5.0;
				TARGETED_DEVICE_FAMILY = "1,2";
			};
			name = Debug;
		};
		618A19412A020697009B4BD0 /* Release */ = {
			isa = XCBuildConfiguration;
			buildSettings = {
				ASSETCATALOG_COMPILER_APPICON_NAME = AppIcon;
				ASSETCATALOG_COMPILER_GLOBAL_ACCENT_COLOR_NAME = AccentColor;
				CODE_SIGN_STYLE = Automatic;
				CURRENT_PROJECT_VERSION = 1;
				DEVELOPMENT_ASSET_PATHS = "\"Budgeter/Preview Content\"";
				DEVELOPMENT_TEAM = 3Q7J3887JY;
				ENABLE_PREVIEWS = YES;
				GENERATE_INFOPLIST_FILE = YES;
				INFOPLIST_KEY_UIApplicationSceneManifest_Generation = YES;
				INFOPLIST_KEY_UIApplicationSupportsIndirectInputEvents = YES;
				INFOPLIST_KEY_UILaunchScreen_Generation = YES;
				INFOPLIST_KEY_UISupportedInterfaceOrientations_iPad = "UIInterfaceOrientationPortrait UIInterfaceOrientationPortraitUpsideDown UIInterfaceOrientationLandscapeLeft UIInterfaceOrientationLandscapeRight";
				INFOPLIST_KEY_UISupportedInterfaceOrientations_iPhone = "UIInterfaceOrientationPortrait UIInterfaceOrientationLandscapeLeft UIInterfaceOrientationLandscapeRight";
				LD_RUNPATH_SEARCH_PATHS = (
					"$(inherited)",
					"@executable_path/Frameworks",
				);
				MARKETING_VERSION = 1.0;
				PRODUCT_BUNDLE_IDENTIFIER = com.ada.Budgeter;
				PRODUCT_NAME = "$(TARGET_NAME)";
				SWIFT_EMIT_LOC_STRINGS = YES;
				SWIFT_VERSION = 5.0;
				TARGETED_DEVICE_FAMILY = "1,2";
			};
			name = Release;
		};
/* End XCBuildConfiguration section */

/* Begin XCConfigurationList section */
		618A192C2A020697009B4BD0 /* Build configuration list for PBXProject "Budgeter" */ = {
			isa = XCConfigurationList;
			buildConfigurations = (
				618A193D2A020697009B4BD0 /* Debug */,
				618A193E2A020697009B4BD0 /* Release */,
			);
			defaultConfigurationIsVisible = 0;
			defaultConfigurationName = Release;
		};
		618A193F2A020697009B4BD0 /* Build configuration list for PBXNativeTarget "Budgeter" */ = {
			isa = XCConfigurationList;
			buildConfigurations = (
				618A19402A020697009B4BD0 /* Debug */,
				618A19412A020697009B4BD0 /* Release */,
			);
			defaultConfigurationIsVisible = 0;
			defaultConfigurationName = Release;
		};
/* End XCConfigurationList section */
	};
	rootObject = 618A19292A020697009B4BD0 /* Project object */;
}
